
Microsoft Visual Studio Solution File, Format Version 12.00
# Visual Studio Version 16
VisualStudioVersion = 16.0.31829.152
MinimumVisualStudioVersion = 10.0.40219.1
Project("{FAE04EC0-301F-11D3-BF4B-00C04F79EFBC}") = "WpfApp_Task6", "WpfApp_Task6\WpfApp_Task6.csproj", "{3221D9F4-B00F-454C-858A-7E7F23AB7C6A}"
EndProject
Global
	GlobalSection(SolutionConfigurationPlatforms) = preSolution
		Debug|Any CPU = Debug|Any CPU
		Release|Any CPU = Release|Any CPU
	EndGlobalSection
	GlobalSection(ProjectConfigurationPlatforms) = postSolution
		{3221D9F4-B00F-454C-858A-7E7F23AB7C6A}.Debug|Any CPU.ActiveCfg = Debug|Any CPU
		{3221D9F4-B00F-454C-858A-7E7F23AB7C6A}.Debug|Any CPU.Build.0 = Debug|Any CPU
		{3221D9F4-B00F-454C-858A-7E7F23AB7C6A}.Release|Any CPU.ActiveCfg = Release|Any CPU
		{3221D9F4-B00F-454C-858A-7E7F23AB7C6A}.Release|Any CPU.Build.0 = Release|Any CPU
	EndGlobalSection
	GlobalSection(SolutionProperties) = preSolution
		HideSolutionNode = FALSE
	EndGlobalSection
	GlobalSection(ExtensibilityGlobals) = postSolution
		SolutionGuid = {CDB50DED-F6D4-4B4D-84CB-D4C79A69084B}
	EndGlobalSection
EndGlobal
